
Microsoft Visual Studio Solution File, Format Version 12.00
# Visual Studio Version 17
VisualStudioVersion = 17.5.002.0
MinimumVisualStudioVersion = 10.0.40219.1
Project("{9A19103F-16F7-4668-BE54-9A1E7A4F7556}") = "Biblioteca-III", "Biblioteca-III.csproj", "{4207CF54-8DF7-4661-872B-5762A117420E}"
EndProject
Global
	GlobalSection(SolutionConfigurationPlatforms) = preSolution
		Debug|Any CPU = Debug|Any CPU
		Release|Any CPU = Release|Any CPU
	EndGlobalSection
	GlobalSection(ProjectConfigurationPlatforms) = postSolution
		{4207CF54-8DF7-4661-872B-5762A117420E}.Debug|Any CPU.ActiveCfg = Debug|Any CPU
		{4207CF54-8DF7-4661-872B-5762A117420E}.Debug|Any CPU.Build.0 = Debug|Any CPU
		{4207CF54-8DF7-4661-872B-5762A117420E}.Release|Any CPU.ActiveCfg = Release|Any CPU
		{4207CF54-8DF7-4661-872B-5762A117420E}.Release|Any CPU.Build.0 = Release|Any CPU
	EndGlobalSection
	GlobalSection(SolutionProperties) = preSolution
		HideSolutionNode = FALSE
	EndGlobalSection
	GlobalSection(ExtensibilityGlobals) = postSolution
		SolutionGuid = {83D2A834-4FC7-4BB9-A3BE-3332516E59C1}
	EndGlobalSection
EndGlobal
